// !$*UTF8*$!
{
	archiveVersion = 1;
	classes = {
	};
	objectVersion = 46;
	objects = {

/* Begin PBXBuildFile section */
		5F29A9C11A20E96600656B92 /* AppDelegate.swift in Sources */ = {isa = PBXBuildFile; fileRef = 5F29A9C01A20E96600656B92 /* AppDelegate.swift */; };
		5F29A9C31A20E96600656B92 /* RecordAudioViewController.swift in Sources */ = {isa = PBXBuildFile; fileRef = 5F29A9C21A20E96600656B92 /* RecordAudioViewController.swift */; };
		5F29A9C61A20E96600656B92 /* Main.storyboard in Resources */ = {isa = PBXBuildFile; fileRef = 5F29A9C41A20E96600656B92 /* Main.storyboard */; };
		5F29A9C81A20E96600656B92 /* Images.xcassets in Resources */ = {isa = PBXBuildFile; fileRef = 5F29A9C71A20E96600656B92 /* Images.xcassets */; };
		5F29A9CB1A20E96600656B92 /* LaunchScreen.xib in Resources */ = {isa = PBXBuildFile; fileRef = 5F29A9C91A20E96600656B92 /* LaunchScreen.xib */; };
		5F29A9D71A20E96600656B92 /* PoweredTests.swift in Sources */ = {isa = PBXBuildFile; fileRef = 5F29A9D61A20E96600656B92 /* PoweredTests.swift */; };
		5F2F89E01A22BAF400951E16 /* PlayAudioViewController.swift in Sources */ = {isa = PBXBuildFile; fileRef = 5F2F89DF1A22BAF400951E16 /* PlayAudioViewController.swift */; };
		5F2F89E21A22E4ED00951E16 /* movie_quote.mp3 in Resources */ = {isa = PBXBuildFile; fileRef = 5F2F89E11A22E4ED00951E16 /* movie_quote.mp3 */; };
/* End PBXBuildFile section */

/* Begin PBXContainerItemProxy section */
		5F29A9D11A20E96600656B92 /* PBXContainerItemProxy */ = {
			isa = PBXContainerItemProxy;
			containerPortal = 5F29A9B31A20E96500656B92 /* Project object */;
			proxyType = 1;
			remoteGlobalIDString = 5F29A9BA1A20E96500656B92;
			remoteInfo = Powered;
		};
/* End PBXContainerItemProxy section */

/* Begin PBXFileReference section */
		5F29A9BB1A20E96500656B92 /* Powered.app */ = {isa = PBXFileReference; explicitFileType = wrapper.application; includeInIndex = 0; path = Powered.app; sourceTree = BUILT_PRODUCTS_DIR; };
		5F29A9BF1A20E96500656B92 /* Info.plist */ = {isa = PBXFileReference; lastKnownFileType = text.plist.xml; path = Info.plist; sourceTree = "<group>"; };
		5F29A9C01A20E96600656B92 /* AppDelegate.swift */ = {isa = PBXFileReference; lastKnownFileType = sourcecode.swift; path = AppDelegate.swift; sourceTree = "<group>"; };
		5F29A9C21A20E96600656B92 /* RecordAudioViewController.swift */ = {isa = PBXFileReference; lastKnownFileType = sourcecode.swift; path = RecordAudioViewController.swift; sourceTree = "<group>"; };
		5F29A9C51A20E96600656B92 /* Base */ = {isa = PBXFileReference; lastKnownFileType = file.storyboard; name = Base; path = Base.lproj/Main.storyboard; sourceTree = "<group>"; };
		5F29A9C71A20E96600656B92 /* Images.xcassets */ = {isa = PBXFileReference; lastKnownFileType = folder.assetcatalog; path = Images.xcassets; sourceTree = "<group>"; };
		5F29A9CA1A20E96600656B92 /* Base */ = {isa = PBXFileReference; lastKnownFileType = file.xib; name = Base; path = Base.lproj/LaunchScreen.xib; sourceTree = "<group>"; };
		5F29A9D01A20E96600656B92 /* PoweredTests.xctest */ = {isa = PBXFileReference; explicitFileType = wrapper.cfbundle; includeInIndex = 0; path = PoweredTests.xctest; sourceTree = BUILT_PRODUCTS_DIR; };
		5F29A9D51A20E96600656B92 /* Info.plist */ = {isa = PBXFileReference; lastKnownFileType = text.plist.xml; path = Info.plist; sourceTree = "<group>"; };
		5F29A9D61A20E96600656B92 /* PoweredTests.swift */ = {isa = PBXFileReference; lastKnownFileType = sourcecode.swift; path = PoweredTests.swift; sourceTree = "<group>"; };
		5F2F89DF1A22BAF400951E16 /* PlayAudioViewController.swift */ = {isa = PBXFileReference; fileEncoding = 4; lastKnownFileType = sourcecode.swift; path = PlayAudioViewController.swift; sourceTree = "<group>"; };
		5F2F89E11A22E4ED00951E16 /* movie_quote.mp3 */ = {isa = PBXFileReference; lastKnownFileType = audio.mp3; name = movie_quote.mp3; path = ../movie_quote.mp3; sourceTree = "<group>"; };
/* End PBXFileReference section */

/* Begin PBXFrameworksBuildPhase section */
		5F29A9B81A20E96500656B92 /* Frameworks */ = {
			isa = PBXFrameworksBuildPhase;
			buildActionMask = 2147483647;
			files = (
			);
			runOnlyForDeploymentPostprocessing = 0;
		};
		5F29A9CD1A20E96600656B92 /* Frameworks */ = {
			isa = PBXFrameworksBuildPhase;
			buildActionMask = 2147483647;
			files = (
			);
			runOnlyForDeploymentPostprocessing = 0;
		};
/* End PBXFrameworksBuildPhase section */

/* Begin PBXGroup section */
		5F29A9B21A20E96500656B92 = {
			isa = PBXGroup;
			children = (
				5F29A9BD1A20E96500656B92 /* Powered */,
				5F29A9D31A20E96600656B92 /* PoweredTests */,
				5F29A9BC1A20E96500656B92 /* Products */,
			);
			sourceTree = "<group>";
		};
		5F29A9BC1A20E96500656B92 /* Products */ = {
			isa = PBXGroup;
			children = (
				5F29A9BB1A20E96500656B92 /* Powered.app */,
				5F29A9D01A20E96600656B92 /* PoweredTests.xctest */,
			);
			name = Products;
			sourceTree = "<group>";
		};
		5F29A9BD1A20E96500656B92 /* Powered */ = {
			isa = PBXGroup;
			children = (
				5F29A9C01A20E96600656B92 /* AppDelegate.swift */,
				5F29A9C21A20E96600656B92 /* RecordAudioViewController.swift */,
				5F2F89DF1A22BAF400951E16 /* PlayAudioViewController.swift */,
				5F29A9C41A20E96600656B92 /* Main.storyboard */,
				5F29A9C71A20E96600656B92 /* Images.xcassets */,
				5F29A9C91A20E96600656B92 /* LaunchScreen.xib */,
				5F29A9BE1A20E96500656B92 /* Supporting Files */,
			);
			path = Powered;
			sourceTree = "<group>";
		};
		5F29A9BE1A20E96500656B92 /* Supporting Files */ = {
			isa = PBXGroup;
			children = (
				5F2F89E11A22E4ED00951E16 /* movie_quote.mp3 */,
				5F29A9BF1A20E96500656B92 /* Info.plist */,
			);
			name = "Supporting Files";
			sourceTree = "<group>";
		};
		5F29A9D31A20E96600656B92 /* PoweredTests */ = {
			isa = PBXGroup;
			children = (
				5F29A9D61A20E96600656B92 /* PoweredTests.swift */,
				5F29A9D41A20E96600656B92 /* Supporting Files */,
			);
			path = PoweredTests;
			sourceTree = "<group>";
		};
		5F29A9D41A20E96600656B92 /* Supporting Files */ = {
			isa = PBXGroup;
			children = (
				5F29A9D51A20E96600656B92 /* Info.plist */,
			);
			name = "Supporting Files";
			sourceTree = "<group>";
		};
/* End PBXGroup section */

/* Begin PBXNativeTarget section */
		5F29A9BA1A20E96500656B92 /* Powered */ = {
			isa = PBXNativeTarget;
			buildConfigurationList = 5F29A9DA1A20E96600656B92 /* Build configuration list for PBXNativeTarget "Powered" */;
			buildPhases = (
				5F29A9B71A20E96500656B92 /* Sources */,
				5F29A9B81A20E96500656B92 /* Frameworks */,
				5F29A9B91A20E96500656B92 /* Resources */,
			);
			buildRules = (
			);
			dependencies = (
			);
			name = Powered;
			productName = Powered;
			productReference = 5F29A9BB1A20E96500656B92 /* Powered.app */;
			productType = "com.apple.product-type.application";
		};
		5F29A9CF1A20E96600656B92 /* PoweredTests */ = {
			isa = PBXNativeTarget;
			buildConfigurationList = 5F29A9DD1A20E96600656B92 /* Build configuration list for PBXNativeTarget "PoweredTests" */;
			buildPhases = (
				5F29A9CC1A20E96600656B92 /* Sources */,
				5F29A9CD1A20E96600656B92 /* Frameworks */,
				5F29A9CE1A20E96600656B92 /* Resources */,
			);
			buildRules = (
			);
			dependencies = (
				5F29A9D21A20E96600656B92 /* PBXTargetDependency */,
			);
			name = PoweredTests;
			productName = PoweredTests;
			productReference = 5F29A9D01A20E96600656B92 /* PoweredTests.xctest */;
			productType = "com.apple.product-type.bundle.unit-test";
		};
/* End PBXNativeTarget section */

/* Begin PBXProject section */
		5F29A9B31A20E96500656B92 /* Project object */ = {
			isa = PBXProject;
			attributes = {
				LastUpgradeCheck = 0610;
				ORGANIZATIONNAME = "Kennith Leung";
				TargetAttributes = {
					5F29A9BA1A20E96500656B92 = {
						CreatedOnToolsVersion = 6.1;
					};
					5F29A9CF1A20E96600656B92 = {
						CreatedOnToolsVersion = 6.1;
						TestTargetID = 5F29A9BA1A20E96500656B92;
					};
				};
			};
			buildConfigurationList = 5F29A9B61A20E96500656B92 /* Build configuration list for PBXProject "Powered" */;
			compatibilityVersion = "Xcode 3.2";
			developmentRegion = English;
			hasScannedForEncodings = 0;
			knownRegions = (
				en,
				Base,
			);
			mainGroup = 5F29A9B21A20E96500656B92;
			productRefGroup = 5F29A9BC1A20E96500656B92 /* Products */;
			projectDirPath = "";
			projectRoot = "";
			targets = (
				5F29A9BA1A20E96500656B92 /* Powered */,
				5F29A9CF1A20E96600656B92 /* PoweredTests */,
			);
		};
/* End PBXProject section */

/* Begin PBXResourcesBuildPhase section */
		5F29A9B91A20E96500656B92 /* Resources */ = {
			isa = PBXResourcesBuildPhase;
			buildActionMask = 2147483647;
			files = (
				5F29A9C61A20E96600656B92 /* Main.storyboard in Resources */,
				5F29A9CB1A20E96600656B92 /* LaunchScreen.xib in Resources */,
				5F2F89E21A22E4ED00951E16 /* movie_quote.mp3 in Resources */,
				5F29A9C81A20E96600656B92 /* Images.xcassets in Resources */,
			);
			runOnlyForDeploymentPostprocessing = 0;
		};
		5F29A9CE1A20E96600656B92 /* Resources */ = {
			isa = PBXResourcesBuildPhase;
			buildActionMask = 2147483647;
			files = (
			);
			runOnlyForDeploymentPostprocessing = 0;
		};
/* End PBXResourcesBuildPhase section */

/* Begin PBXSourcesBuildPhase section */
		5F29A9B71A20E96500656B92 /* Sources */ = {
			isa = PBXSourcesBuildPhase;
			buildActionMask = 2147483647;
			files = (
				5F29A9C31A20E96600656B92 /* RecordAudioViewController.swift in Sources */,
				5F29A9C11A20E96600656B92 /* AppDelegate.swift in Sources */,
				5F2F89E01A22BAF400951E16 /* PlayAudioViewController.swift in Sources */,
			);
			runOnlyForDeploymentPostprocessing = 0;
		};
		5F29A9CC1A20E96600656B92 /* Sources */ = {
			isa = PBXSourcesBuildPhase;
			buildActionMask = 2147483647;
			files = (
				5F29A9D71A20E96600656B92 /* PoweredTests.swift in Sources */,
			);
			runOnlyForDeploymentPostprocessing = 0;
		};
/* End PBXSourcesBuildPhase section */

/* Begin PBXTargetDependency section */
		5F29A9D21A20E96600656B92 /* PBXTargetDependency */ = {
			isa = PBXTargetDependency;
			target = 5F29A9BA1A20E96500656B92 /* Powered */;
			targetProxy = 5F29A9D11A20E96600656B92 /* PBXContainerItemProxy */;
		};
/* End PBXTargetDependency section */

/* Begin PBXVariantGroup section */
		5F29A9C41A20E96600656B92 /* Main.storyboard */ = {
			isa = PBXVariantGroup;
			children = (
				5F29A9C51A20E96600656B92 /* Base */,
			);
			name = Main.storyboard;
			sourceTree = "<group>";
		};
		5F29A9C91A20E96600656B92 /* LaunchScreen.xib */ = {
			isa = PBXVariantGroup;
			children = (
				5F29A9CA1A20E96600656B92 /* Base */,
			);
			name = LaunchScreen.xib;
			sourceTree = "<group>";
		};
/* End PBXVariantGroup section */

/* Begin XCBuildConfiguration section */
		5F29A9D81A20E96600656B92 /* Debug */ = {
			isa = XCBuildConfiguration;
			buildSettings = {
				ALWAYS_SEARCH_USER_PATHS = NO;
				CLANG_CXX_LANGUAGE_STANDARD = "gnu++0x";
				CLANG_CXX_LIBRARY = "libc++";
				CLANG_ENABLE_MODULES = YES;
				CLANG_ENABLE_OBJC_ARC = YES;
				CLANG_WARN_BOOL_CONVERSION = YES;
				CLANG_WARN_CONSTANT_CONVERSION = YES;
				CLANG_WARN_DIRECT_OBJC_ISA_USAGE = YES_ERROR;
				CLANG_WARN_EMPTY_BODY = YES;
				CLANG_WARN_ENUM_CONVERSION = YES;
				CLANG_WARN_INT_CONVERSION = YES;
				CLANG_WARN_OBJC_ROOT_CLASS = YES_ERROR;
				CLANG_WARN_UNREACHABLE_CODE = YES;
				CLANG_WARN__DUPLICATE_METHOD_MATCH = YES;
				"CODE_SIGN_IDENTITY[sdk=iphoneos*]" = "iPhone Developer";
				COPY_PHASE_STRIP = NO;
				ENABLE_STRICT_OBJC_MSGSEND = YES;
				GCC_C_LANGUAGE_STANDARD = gnu99;
				GCC_DYNAMIC_NO_PIC = NO;
				GCC_OPTIMIZATION_LEVEL = 0;
				GCC_PREPROCESSOR_DEFINITIONS = (
					"DEBUG=1",
					"$(inherited)",
				);
				GCC_SYMBOLS_PRIVATE_EXTERN = NO;
				GCC_WARN_64_TO_32_BIT_CONVERSION = YES;
				GCC_WARN_ABOUT_RETURN_TYPE = YES_ERROR;
				GCC_WARN_UNDECLARED_SELECTOR = YES;
				GCC_WARN_UNINITIALIZED_AUTOS = YES_AGGRESSIVE;
				GCC_WARN_UNUSED_FUNCTION = YES;
				GCC_WARN_UNUSED_VARIABLE = YES;
				IPHONEOS_DEPLOYMENT_TARGET = 8.1;
				MTL_ENABLE_DEBUG_INFO = YES;
				ONLY_ACTIVE_ARCH = YES;
				SDKROOT = iphoneos;
				SWIFT_OPTIMIZATION_LEVEL = "-Onone";
			};
			name = Debug;
		};
		5F29A9D91A20E96600656B92 /* Release */ = {
			isa = XCBuildConfiguration;
			buildSettings = {
				ALWAYS_SEARCH_USER_PATHS = NO;
				CLANG_CXX_LANGUAGE_STANDARD = "gnu++0x";
				CLANG_CXX_LIBRARY = "libc++";
				CLANG_ENABLE_MODULES = YES;
				CLANG_ENABLE_OBJC_ARC = YES;
				CLANG_WARN_BOOL_CONVERSION = YES;
				CLANG_WARN_CONSTANT_CONVERSION = YES;
				CLANG_WARN_DIRECT_OBJC_ISA_USAGE = YES_ERROR;
				CLANG_WARN_EMPTY_BODY = YES;
				CLANG_WARN_ENUM_CONVERSION = YES;
				CLANG_WARN_INT_CONVERSION = YES;
				CLANG_WARN_OBJC_ROOT_CLASS = YES_ERROR;
				CLANG_WARN_UNREACHABLE_CODE = YES;
				CLANG_WARN__DUPLICATE_METHOD_MATCH = YES;
				"CODE_SIGN_IDENTITY[sdk=iphoneos*]" = "iPhone Developer";
				COPY_PHASE_STRIP = YES;
				ENABLE_NS_ASSERTIONS = NO;
				ENABLE_STRICT_OBJC_MSGSEND = YES;
				GCC_C_LANGUAGE_STANDARD = gnu99;
				GCC_WARN_64_TO_32_BIT_CONVERSION = YES;
				GCC_WARN_ABOUT_RETURN_TYPE = YES_ERROR;
				GCC_WARN_UNDECLARED_SELECTOR = YES;
				GCC_WARN_UNINITIALIZED_AUTOS = YES_AGGRESSIVE;
				GCC_WARN_UNUSED_FUNCTION = YES;
				GCC_WARN_UNUSED_VARIABLE = YES;
				IPHONEOS_DEPLOYMENT_TARGET = 8.1;
				MTL_ENABLE_DEBUG_INFO = NO;
				SDKROOT = iphoneos;
				VALIDATE_PRODUCT = YES;
			};
			name = Release;
		};
		5F29A9DB1A20E96600656B92 /* Debug */ = {
			isa = XCBuildConfiguration;
			buildSettings = {
				ASSETCATALOG_COMPILER_APPICON_NAME = AppIcon;
				INFOPLIST_FILE = Powered/Info.plist;
				LD_RUNPATH_SEARCH_PATHS = "$(inherited) @executable_path/Frameworks";
				PRODUCT_NAME = "$(TARGET_NAME)";
			};
			name = Debug;
		};
		5F29A9DC1A20E96600656B92 /* Release */ = {
			isa = XCBuildConfiguration;
			buildSettings = {
				ASSETCATALOG_COMPILER_APPICON_NAME = AppIcon;
				INFOPLIST_FILE = Powered/Info.plist;
				LD_RUNPATH_SEARCH_PATHS = "$(inherited) @executable_path/Frameworks";
				PRODUCT_NAME = "$(TARGET_NAME)";
			};
			name = Release;
		};
		5F29A9DE1A20E96600656B92 /* Debug */ = {
			isa = XCBuildConfiguration;
			buildSettings = {
				BUNDLE_LOADER = "$(TEST_HOST)";
				FRAMEWORK_SEARCH_PATHS = (
					"$(SDKROOT)/Developer/Library/Frameworks",
					"$(inherited)",
				);
				GCC_PREPROCESSOR_DEFINITIONS = (
					"DEBUG=1",
					"$(inherited)",
				);
				INFOPLIST_FILE = PoweredTests/Info.plist;
				LD_RUNPATH_SEARCH_PATHS = "$(inherited) @executable_path/Frameworks @loader_path/Frameworks";
				PRODUCT_NAME = "$(TARGET_NAME)";
				TEST_HOST = "$(BUILT_PRODUCTS_DIR)/Powered.app/Powered";
			};
			name = Debug;
		};
		5F29A9DF1A20E96600656B92 /* Release */ = {
			isa = XCBuildConfiguration;
			buildSettings = {
				BUNDLE_LOADER = "$(TEST_HOST)";
				FRAMEWORK_SEARCH_PATHS = (
					"$(SDKROOT)/Developer/Library/Frameworks",
					"$(inherited)",
				);
				INFOPLIST_FILE = PoweredTests/Info.plist;
				LD_RUNPATH_SEARCH_PATHS = "$(inherited) @executable_path/Frameworks @loader_path/Frameworks";
				PRODUCT_NAME = "$(TARGET_NAME)";
				TEST_HOST = "$(BUILT_PRODUCTS_DIR)/Powered.app/Powered";
			};
			name = Release;
		};
/* End XCBuildConfiguration section */

/* Begin XCConfigurationList section */
		5F29A9B61A20E96500656B92 /* Build configuration list for PBXProject "Powered" */ = {
			isa = XCConfigurationList;
			buildConfigurations = (
				5F29A9D81A20E96600656B92 /* Debug */,
				5F29A9D91A20E96600656B92 /* Release */,
			);
			defaultConfigurationIsVisible = 0;
			defaultConfigurationName = Release;
		};
		5F29A9DA1A20E96600656B92 /* Build configuration list for PBXNativeTarget "Powered" */ = {
			isa = XCConfigurationList;
			buildConfigurations = (
				5F29A9DB1A20E96600656B92 /* Debug */,
				5F29A9DC1A20E96600656B92 /* Release */,
			);
			defaultConfigurationIsVisible = 0;
			defaultConfigurationName = Release;
		};
		5F29A9DD1A20E96600656B92 /* Build configuration list for PBXNativeTarget "PoweredTests" */ = {
			isa = XCConfigurationList;
			buildConfigurations = (
				5F29A9DE1A20E96600656B92 /* Debug */,
				5F29A9DF1A20E96600656B92 /* Release */,
			);
			defaultConfigurationIsVisible = 0;
			defaultConfigurationName = Release;
		};
/* End XCConfigurationList section */
	};
	rootObject = 5F29A9B31A20E96500656B92 /* Project object */;
}
